
Microsoft Visual Studio Solution File, Format Version 12.00
# Visual Studio 15
VisualStudioVersion = 15.0.27703.2042
MinimumVisualStudioVersion = 10.0.40219.1
Project("{FAE04EC0-301F-11D3-BF4B-00C04F79EFBC}") = "ControlWork", "ControlWork\ControlWork.csproj", "{F344E570-7737-4F7D-A0C8-C729BDEEF5D8}"
EndProject
Global
	GlobalSection(SolutionConfigurationPlatforms) = preSolution
		Debug|Any CPU = Debug|Any CPU
		Release|Any CPU = Release|Any CPU
	EndGlobalSection
	GlobalSection(ProjectConfigurationPlatforms) = postSolution
		{F344E570-7737-4F7D-A0C8-C729BDEEF5D8}.Debug|Any CPU.ActiveCfg = Debug|Any CPU
		{F344E570-7737-4F7D-A0C8-C729BDEEF5D8}.Debug|Any CPU.Build.0 = Debug|Any CPU
		{F344E570-7737-4F7D-A0C8-C729BDEEF5D8}.Release|Any CPU.ActiveCfg = Release|Any CPU
		{F344E570-7737-4F7D-A0C8-C729BDEEF5D8}.Release|Any CPU.Build.0 = Release|Any CPU
	EndGlobalSection
	GlobalSection(SolutionProperties) = preSolution
		HideSolutionNode = FALSE
	EndGlobalSection
	GlobalSection(ExtensibilityGlobals) = postSolution
		SolutionGuid = {61EF05B5-E433-4BEC-BA9A-908D9756D5F2}
	EndGlobalSection
EndGlobal
